
Microsoft Visual Studio Solution File, Format Version 12.00
# Visual Studio 2013
VisualStudioVersion = 12.0.31101.0
MinimumVisualStudioVersion = 10.0.40219.1
Project("{FAE04EC0-301F-11D3-BF4B-00C04F79EFBC}") = "ButtonClicking", "ButtonClicking\ButtonClicking.csproj", "{ADBAD8C2-01F7-43AA-8C93-7CDAD4C4301C}"
EndProject
Project("{FAE04EC0-301F-11D3-BF4B-00C04F79EFBC}") = "ButtonClickForm", "ButtonClickForm\ButtonClickForm.csproj", "{0AF9E88E-C6FE-4574-AB1F-482B75633EA9}"
EndProject
Project("{F184B08F-C81C-45F6-A57F-5ABD9991F28F}") = "UNIVERSALHACKTOOL", "UNIVERSALHACKTOOL\UNIVERSALHACKTOOL.vbproj", "{0854A541-E4B6-4E8D-A908-A49C90273FD9}"
EndProject
Global
	GlobalSection(SolutionConfigurationPlatforms) = preSolution
		Debug|Any CPU = Debug|Any CPU
		Debug|Mixed Platforms = Debug|Mixed Platforms
		Debug|x86 = Debug|x86
		Release|Any CPU = Release|Any CPU
		Release|Mixed Platforms = Release|Mixed Platforms
		Release|x86 = Release|x86
	EndGlobalSection
	GlobalSection(ProjectConfigurationPlatforms) = postSolution
		{ADBAD8C2-01F7-43AA-8C93-7CDAD4C4301C}.Debug|Any CPU.ActiveCfg = Debug|x86
		{ADBAD8C2-01F7-43AA-8C93-7CDAD4C4301C}.Debug|Mixed Platforms.ActiveCfg = Debug|x86
		{ADBAD8C2-01F7-43AA-8C93-7CDAD4C4301C}.Debug|Mixed Platforms.Build.0 = Debug|x86
		{ADBAD8C2-01F7-43AA-8C93-7CDAD4C4301C}.Debug|x86.ActiveCfg = Debug|x86
		{ADBAD8C2-01F7-43AA-8C93-7CDAD4C4301C}.Debug|x86.Build.0 = Debug|x86
		{ADBAD8C2-01F7-43AA-8C93-7CDAD4C4301C}.Release|Any CPU.ActiveCfg = Release|x86
		{ADBAD8C2-01F7-43AA-8C93-7CDAD4C4301C}.Release|Mixed Platforms.ActiveCfg = Release|x86
		{ADBAD8C2-01F7-43AA-8C93-7CDAD4C4301C}.Release|Mixed Platforms.Build.0 = Release|x86
		{ADBAD8C2-01F7-43AA-8C93-7CDAD4C4301C}.Release|x86.ActiveCfg = Release|x86
		{ADBAD8C2-01F7-43AA-8C93-7CDAD4C4301C}.Release|x86.Build.0 = Release|x86
		{0AF9E88E-C6FE-4574-AB1F-482B75633EA9}.Debug|Any CPU.ActiveCfg = Debug|Any CPU
		{0AF9E88E-C6FE-4574-AB1F-482B75633EA9}.Debug|Any CPU.Build.0 = Debug|Any CPU
		{0AF9E88E-C6FE-4574-AB1F-482B75633EA9}.Debug|Mixed Platforms.ActiveCfg = Debug|Any CPU
		{0AF9E88E-C6FE-4574-AB1F-482B75633EA9}.Debug|Mixed Platforms.Build.0 = Debug|Any CPU
		{0AF9E88E-C6FE-4574-AB1F-482B75633EA9}.Debug|x86.ActiveCfg = Debug|Any CPU
		{0AF9E88E-C6FE-4574-AB1F-482B75633EA9}.Release|Any CPU.ActiveCfg = Release|Any CPU
		{0AF9E88E-C6FE-4574-AB1F-482B75633EA9}.Release|Any CPU.Build.0 = Release|Any CPU
		{0AF9E88E-C6FE-4574-AB1F-482B75633EA9}.Release|Mixed Platforms.ActiveCfg = Release|Any CPU
		{0AF9E88E-C6FE-4574-AB1F-482B75633EA9}.Release|Mixed Platforms.Build.0 = Release|Any CPU
		{0AF9E88E-C6FE-4574-AB1F-482B75633EA9}.Release|x86.ActiveCfg = Release|Any CPU
		{0854A541-E4B6-4E8D-A908-A49C90273FD9}.Debug|Any CPU.ActiveCfg = Debug|Any CPU
		{0854A541-E4B6-4E8D-A908-A49C90273FD9}.Debug|Any CPU.Build.0 = Debug|Any CPU
		{0854A541-E4B6-4E8D-A908-A49C90273FD9}.Debug|Mixed Platforms.ActiveCfg = Debug|Any CPU
		{0854A541-E4B6-4E8D-A908-A49C90273FD9}.Debug|Mixed Platforms.Build.0 = Debug|Any CPU
		{0854A541-E4B6-4E8D-A908-A49C90273FD9}.Debug|x86.ActiveCfg = Debug|Any CPU
		{0854A541-E4B6-4E8D-A908-A49C90273FD9}.Release|Any CPU.ActiveCfg = Release|Any CPU
		{0854A541-E4B6-4E8D-A908-A49C90273FD9}.Release|Any CPU.Build.0 = Release|Any CPU
		{0854A541-E4B6-4E8D-A908-A49C90273FD9}.Release|Mixed Platforms.ActiveCfg = Release|Any CPU
		{0854A541-E4B6-4E8D-A908-A49C90273FD9}.Release|Mixed Platforms.Build.0 = Release|Any CPU
		{0854A541-E4B6-4E8D-A908-A49C90273FD9}.Release|x86.ActiveCfg = Release|Any CPU
	EndGlobalSection
	GlobalSection(SolutionProperties) = preSolution
		HideSolutionNode = FALSE
	EndGlobalSection
EndGlobal
