
Microsoft Visual Studio Solution File, Format Version 10.00
# Visual Basic Express 2008
Project("{F184B08F-C81C-45F6-A57F-5ABD9991F28F}") = "ProcessMonitoring", "ProcessMonitoring\ProcessMonitoring.vbproj", "{FC00DCF4-484B-4C95-8DF1-5029F506CC83}"
EndProject
Global
	GlobalSection(SolutionConfigurationPlatforms) = preSolution
		Debug|Any CPU = Debug|Any CPU
		Release|Any CPU = Release|Any CPU
	EndGlobalSection
	GlobalSection(ProjectConfigurationPlatforms) = postSolution
		{FC00DCF4-484B-4C95-8DF1-5029F506CC83}.Debug|Any CPU.ActiveCfg = Debug|Any CPU
		{FC00DCF4-484B-4C95-8DF1-5029F506CC83}.Debug|Any CPU.Build.0 = Debug|Any CPU
		{FC00DCF4-484B-4C95-8DF1-5029F506CC83}.Release|Any CPU.ActiveCfg = Release|Any CPU
		{FC00DCF4-484B-4C95-8DF1-5029F506CC83}.Release|Any CPU.Build.0 = Release|Any CPU
	EndGlobalSection
	GlobalSection(SolutionProperties) = preSolution
		HideSolutionNode = FALSE
	EndGlobalSection
EndGlobal
